// !$*UTF8*$!
{
	archiveVersion = 1;
	classes = {
	};
	objectVersion = 46;
	objects = {

/* Begin PBXBuildFile section */
		30D245481EC26E21001EE865 /* AppDelegate.swift in Sources */ = {isa = PBXBuildFile; fileRef = 30D245471EC26E21001EE865 /* AppDelegate.swift */; };
		30D2454A1EC26E21001EE865 /* ViewController.swift in Sources */ = {isa = PBXBuildFile; fileRef = 30D245491EC26E21001EE865 /* ViewController.swift */; };
		30D2454D1EC26E21001EE865 /* Main.storyboard in Resources */ = {isa = PBXBuildFile; fileRef = 30D2454B1EC26E21001EE865 /* Main.storyboard */; };
		30D2454F1EC26E21001EE865 /* Assets.xcassets in Resources */ = {isa = PBXBuildFile; fileRef = 30D2454E1EC26E21001EE865 /* Assets.xcassets */; };
		30D245521EC26E21001EE865 /* LaunchScreen.storyboard in Resources */ = {isa = PBXBuildFile; fileRef = 30D245501EC26E21001EE865 /* LaunchScreen.storyboard */; };
		30D2455D1EC26E22001EE865 /* SelfIntroductionTests.swift in Sources */ = {isa = PBXBuildFile; fileRef = 30D2455C1EC26E22001EE865 /* SelfIntroductionTests.swift */; };
		30D245681EC26E22001EE865 /* SelfIntroductionUITests.swift in Sources */ = {isa = PBXBuildFile; fileRef = 30D245671EC26E22001EE865 /* SelfIntroductionUITests.swift */; };
		30D3058B1ED21AA900AD0AEA /* infoViewController.swift in Sources */ = {isa = PBXBuildFile; fileRef = 30D3058A1ED21AA900AD0AEA /* infoViewController.swift */; };
/* End PBXBuildFile section */

/* Begin PBXContainerItemProxy section */
		30D245591EC26E22001EE865 /* PBXContainerItemProxy */ = {
			isa = PBXContainerItemProxy;
			containerPortal = 30D2453C1EC26E21001EE865 /* Project object */;
			proxyType = 1;
			remoteGlobalIDString = 30D245431EC26E21001EE865;
			remoteInfo = SelfIntroduction;
		};
		30D245641EC26E22001EE865 /* PBXContainerItemProxy */ = {
			isa = PBXContainerItemProxy;
			containerPortal = 30D2453C1EC26E21001EE865 /* Project object */;
			proxyType = 1;
			remoteGlobalIDString = 30D245431EC26E21001EE865;
			remoteInfo = SelfIntroduction;
		};
/* End PBXContainerItemProxy section */

/* Begin PBXFileReference section */
		30D245441EC26E21001EE865 /* SelfIntroduction.app */ = {isa = PBXFileReference; explicitFileType = wrapper.application; includeInIndex = 0; path = SelfIntroduction.app; sourceTree = BUILT_PRODUCTS_DIR; };
		30D245471EC26E21001EE865 /* AppDelegate.swift */ = {isa = PBXFileReference; lastKnownFileType = sourcecode.swift; path = AppDelegate.swift; sourceTree = "<group>"; };
		30D245491EC26E21001EE865 /* ViewController.swift */ = {isa = PBXFileReference; lastKnownFileType = sourcecode.swift; path = ViewController.swift; sourceTree = "<group>"; };
		30D2454C1EC26E21001EE865 /* Base */ = {isa = PBXFileReference; lastKnownFileType = file.storyboard; name = Base; path = Base.lproj/Main.storyboard; sourceTree = "<group>"; };
		30D2454E1EC26E21001EE865 /* Assets.xcassets */ = {isa = PBXFileReference; lastKnownFileType = folder.assetcatalog; path = Assets.xcassets; sourceTree = "<group>"; };
		30D245511EC26E21001EE865 /* Base */ = {isa = PBXFileReference; lastKnownFileType = file.storyboard; name = Base; path = Base.lproj/LaunchScreen.storyboard; sourceTree = "<group>"; };
		30D245531EC26E21001EE865 /* Info.plist */ = {isa = PBXFileReference; lastKnownFileType = text.plist.xml; path = Info.plist; sourceTree = "<group>"; };
		30D245581EC26E22001EE865 /* SelfIntroductionTests.xctest */ = {isa = PBXFileReference; explicitFileType = wrapper.cfbundle; includeInIndex = 0; path = SelfIntroductionTests.xctest; sourceTree = BUILT_PRODUCTS_DIR; };
		30D2455C1EC26E22001EE865 /* SelfIntroductionTests.swift */ = {isa = PBXFileReference; lastKnownFileType = sourcecode.swift; path = SelfIntroductionTests.swift; sourceTree = "<group>"; };
		30D2455E1EC26E22001EE865 /* Info.plist */ = {isa = PBXFileReference; lastKnownFileType = text.plist.xml; path = Info.plist; sourceTree = "<group>"; };
		30D245631EC26E22001EE865 /* SelfIntroductionUITests.xctest */ = {isa = PBXFileReference; explicitFileType = wrapper.cfbundle; includeInIndex = 0; path = SelfIntroductionUITests.xctest; sourceTree = BUILT_PRODUCTS_DIR; };
		30D245671EC26E22001EE865 /* SelfIntroductionUITests.swift */ = {isa = PBXFileReference; lastKnownFileType = sourcecode.swift; path = SelfIntroductionUITests.swift; sourceTree = "<group>"; };
		30D245691EC26E22001EE865 /* Info.plist */ = {isa = PBXFileReference; lastKnownFileType = text.plist.xml; path = Info.plist; sourceTree = "<group>"; };
		30D3058A1ED21AA900AD0AEA /* infoViewController.swift */ = {isa = PBXFileReference; fileEncoding = 4; lastKnownFileType = sourcecode.swift; path = infoViewController.swift; sourceTree = "<group>"; };
/* End PBXFileReference section */

/* Begin PBXFrameworksBuildPhase section */
		30D245411EC26E21001EE865 /* Frameworks */ = {
			isa = PBXFrameworksBuildPhase;
			buildActionMask = 2147483647;
			files = (
			);
			runOnlyForDeploymentPostprocessing = 0;
		};
		30D245551EC26E22001EE865 /* Frameworks */ = {
			isa = PBXFrameworksBuildPhase;
			buildActionMask = 2147483647;
			files = (
			);
			runOnlyForDeploymentPostprocessing = 0;
		};
		30D245601EC26E22001EE865 /* Frameworks */ = {
			isa = PBXFrameworksBuildPhase;
			buildActionMask = 2147483647;
			files = (
			);
			runOnlyForDeploymentPostprocessing = 0;
		};
/* End PBXFrameworksBuildPhase section */

/* Begin PBXGroup section */
		30D2453B1EC26E21001EE865 = {
			isa = PBXGroup;
			children = (
				30D245461EC26E21001EE865 /* SelfIntroduction */,
				30D2455B1EC26E22001EE865 /* SelfIntroductionTests */,
				30D245661EC26E22001EE865 /* SelfIntroductionUITests */,
				30D245451EC26E21001EE865 /* Products */,
			);
			sourceTree = "<group>";
		};
		30D245451EC26E21001EE865 /* Products */ = {
			isa = PBXGroup;
			children = (
				30D245441EC26E21001EE865 /* SelfIntroduction.app */,
				30D245581EC26E22001EE865 /* SelfIntroductionTests.xctest */,
				30D245631EC26E22001EE865 /* SelfIntroductionUITests.xctest */,
			);
			name = Products;
			sourceTree = "<group>";
		};
		30D245461EC26E21001EE865 /* SelfIntroduction */ = {
			isa = PBXGroup;
			children = (
				30D245471EC26E21001EE865 /* AppDelegate.swift */,
				30D245491EC26E21001EE865 /* ViewController.swift */,
				30D3058A1ED21AA900AD0AEA /* infoViewController.swift */,
				30D2454B1EC26E21001EE865 /* Main.storyboard */,
				30D2454E1EC26E21001EE865 /* Assets.xcassets */,
				30D245501EC26E21001EE865 /* LaunchScreen.storyboard */,
				30D245531EC26E21001EE865 /* Info.plist */,
			);
			path = SelfIntroduction;
			sourceTree = "<group>";
		};
		30D2455B1EC26E22001EE865 /* SelfIntroductionTests */ = {
			isa = PBXGroup;
			children = (
				30D2455C1EC26E22001EE865 /* SelfIntroductionTests.swift */,
				30D2455E1EC26E22001EE865 /* Info.plist */,
			);
			path = SelfIntroductionTests;
			sourceTree = "<group>";
		};
		30D245661EC26E22001EE865 /* SelfIntroductionUITests */ = {
			isa = PBXGroup;
			children = (
				30D245671EC26E22001EE865 /* SelfIntroductionUITests.swift */,
				30D245691EC26E22001EE865 /* Info.plist */,
			);
			path = SelfIntroductionUITests;
			sourceTree = "<group>";
		};
/* End PBXGroup section */

/* Begin PBXNativeTarget section */
		30D245431EC26E21001EE865 /* SelfIntroduction */ = {
			isa = PBXNativeTarget;
			buildConfigurationList = 30D2456C1EC26E22001EE865 /* Build configuration list for PBXNativeTarget "SelfIntroduction" */;
			buildPhases = (
				30D245401EC26E21001EE865 /* Sources */,
				30D245411EC26E21001EE865 /* Frameworks */,
				30D245421EC26E21001EE865 /* Resources */,
			);
			buildRules = (
			);
			dependencies = (
			);
			name = SelfIntroduction;
			productName = SelfIntroduction;
			productReference = 30D245441EC26E21001EE865 /* SelfIntroduction.app */;
			productType = "com.apple.product-type.application";
		};
		30D245571EC26E22001EE865 /* SelfIntroductionTests */ = {
			isa = PBXNativeTarget;
			buildConfigurationList = 30D2456F1EC26E22001EE865 /* Build configuration list for PBXNativeTarget "SelfIntroductionTests" */;
			buildPhases = (
				30D245541EC26E22001EE865 /* Sources */,
				30D245551EC26E22001EE865 /* Frameworks */,
				30D245561EC26E22001EE865 /* Resources */,
			);
			buildRules = (
			);
			dependencies = (
				30D2455A1EC26E22001EE865 /* PBXTargetDependency */,
			);
			name = SelfIntroductionTests;
			productName = SelfIntroductionTests;
			productReference = 30D245581EC26E22001EE865 /* SelfIntroductionTests.xctest */;
			productType = "com.apple.product-type.bundle.unit-test";
		};
		30D245621EC26E22001EE865 /* SelfIntroductionUITests */ = {
			isa = PBXNativeTarget;
			buildConfigurationList = 30D245721EC26E22001EE865 /* Build configuration list for PBXNativeTarget "SelfIntroductionUITests" */;
			buildPhases = (
				30D2455F1EC26E22001EE865 /* Sources */,
				30D245601EC26E22001EE865 /* Frameworks */,
				30D245611EC26E22001EE865 /* Resources */,
			);
			buildRules = (
			);
			dependencies = (
				30D245651EC26E22001EE865 /* PBXTargetDependency */,
			);
			name = SelfIntroductionUITests;
			productName = SelfIntroductionUITests;
			productReference = 30D245631EC26E22001EE865 /* SelfIntroductionUITests.xctest */;
			productType = "com.apple.product-type.bundle.ui-testing";
		};
/* End PBXNativeTarget section */

/* Begin PBXProject section */
		30D2453C1EC26E21001EE865 /* Project object */ = {
			isa = PBXProject;
			attributes = {
				LastSwiftUpdateCheck = 0830;
				LastUpgradeCheck = 0830;
				ORGANIZATIONNAME = "Tennant Shaw";
				TargetAttributes = {
					30D245431EC26E21001EE865 = {
						CreatedOnToolsVersion = 8.3.2;
						ProvisioningStyle = Automatic;
					};
					30D245571EC26E22001EE865 = {
						CreatedOnToolsVersion = 8.3.2;
						ProvisioningStyle = Automatic;
						TestTargetID = 30D245431EC26E21001EE865;
					};
					30D245621EC26E22001EE865 = {
						CreatedOnToolsVersion = 8.3.2;
						ProvisioningStyle = Automatic;
						TestTargetID = 30D245431EC26E21001EE865;
					};
				};
			};
			buildConfigurationList = 30D2453F1EC26E21001EE865 /* Build configuration list for PBXProject "SelfIntroduction" */;
			compatibilityVersion = "Xcode 3.2";
			developmentRegion = English;
			hasScannedForEncodings = 0;
			knownRegions = (
				en,
				Base,
			);
			mainGroup = 30D2453B1EC26E21001EE865;
			productRefGroup = 30D245451EC26E21001EE865 /* Products */;
			projectDirPath = "";
			projectRoot = "";
			targets = (
				30D245431EC26E21001EE865 /* SelfIntroduction */,
				30D245571EC26E22001EE865 /* SelfIntroductionTests */,
				30D245621EC26E22001EE865 /* SelfIntroductionUITests */,
			);
		};
/* End PBXProject section */

/* Begin PBXResourcesBuildPhase section */
		30D245421EC26E21001EE865 /* Resources */ = {
			isa = PBXResourcesBuildPhase;
			buildActionMask = 2147483647;
			files = (
				30D245521EC26E21001EE865 /* LaunchScreen.storyboard in Resources */,
				30D2454F1EC26E21001EE865 /* Assets.xcassets in Resources */,
				30D2454D1EC26E21001EE865 /* Main.storyboard in Resources */,
			);
			runOnlyForDeploymentPostprocessing = 0;
		};
		30D245561EC26E22001EE865 /* Resources */ = {
			isa = PBXResourcesBuildPhase;
			buildActionMask = 2147483647;
			files = (
			);
			runOnlyForDeploymentPostprocessing = 0;
		};
		30D245611EC26E22001EE865 /* Resources */ = {
			isa = PBXResourcesBuildPhase;
			buildActionMask = 2147483647;
			files = (
			);
			runOnlyForDeploymentPostprocessing = 0;
		};
/* End PBXResourcesBuildPhase section */

/* Begin PBXSourcesBuildPhase section */
		30D245401EC26E21001EE865 /* Sources */ = {
			isa = PBXSourcesBuildPhase;
			buildActionMask = 2147483647;
			files = (
				30D3058B1ED21AA900AD0AEA /* infoViewController.swift in Sources */,
				30D2454A1EC26E21001EE865 /* ViewController.swift in Sources */,
				30D245481EC26E21001EE865 /* AppDelegate.swift in Sources */,
			);
			runOnlyForDeploymentPostprocessing = 0;
		};
		30D245541EC26E22001EE865 /* Sources */ = {
			isa = PBXSourcesBuildPhase;
			buildActionMask = 2147483647;
			files = (
				30D2455D1EC26E22001EE865 /* SelfIntroductionTests.swift in Sources */,
			);
			runOnlyForDeploymentPostprocessing = 0;
		};
		30D2455F1EC26E22001EE865 /* Sources */ = {
			isa = PBXSourcesBuildPhase;
			buildActionMask = 2147483647;
			files = (
				30D245681EC26E22001EE865 /* SelfIntroductionUITests.swift in Sources */,
			);
			runOnlyForDeploymentPostprocessing = 0;
		};
/* End PBXSourcesBuildPhase section */

/* Begin PBXTargetDependency section */
		30D2455A1EC26E22001EE865 /* PBXTargetDependency */ = {
			isa = PBXTargetDependency;
			target = 30D245431EC26E21001EE865 /* SelfIntroduction */;
			targetProxy = 30D245591EC26E22001EE865 /* PBXContainerItemProxy */;
		};
		30D245651EC26E22001EE865 /* PBXTargetDependency */ = {
			isa = PBXTargetDependency;
			target = 30D245431EC26E21001EE865 /* SelfIntroduction */;
			targetProxy = 30D245641EC26E22001EE865 /* PBXContainerItemProxy */;
		};
/* End PBXTargetDependency section */

/* Begin PBXVariantGroup section */
		30D2454B1EC26E21001EE865 /* Main.storyboard */ = {
			isa = PBXVariantGroup;
			children = (
				30D2454C1EC26E21001EE865 /* Base */,
			);
			name = Main.storyboard;
			sourceTree = "<group>";
		};
		30D245501EC26E21001EE865 /* LaunchScreen.storyboard */ = {
			isa = PBXVariantGroup;
			children = (
				30D245511EC26E21001EE865 /* Base */,
			);
			name = LaunchScreen.storyboard;
			sourceTree = "<group>";
		};
/* End PBXVariantGroup section */

/* Begin XCBuildConfiguration section */
		30D2456A1EC26E22001EE865 /* Debug */ = {
			isa = XCBuildConfiguration;
			buildSettings = {
				ALWAYS_SEARCH_USER_PATHS = NO;
				CLANG_ANALYZER_NONNULL = YES;
				CLANG_ANALYZER_NUMBER_OBJECT_CONVERSION = YES_AGGRESSIVE;
				CLANG_CXX_LANGUAGE_STANDARD = "gnu++0x";
				CLANG_CXX_LIBRARY = "libc++";
				CLANG_ENABLE_MODULES = YES;
				CLANG_ENABLE_OBJC_ARC = YES;
				CLANG_WARN_BOOL_CONVERSION = YES;
				CLANG_WARN_CONSTANT_CONVERSION = YES;
				CLANG_WARN_DIRECT_OBJC_ISA_USAGE = YES_ERROR;
				CLANG_WARN_DOCUMENTATION_COMMENTS = YES;
				CLANG_WARN_EMPTY_BODY = YES;
				CLANG_WARN_ENUM_CONVERSION = YES;
				CLANG_WARN_INFINITE_RECURSION = YES;
				CLANG_WARN_INT_CONVERSION = YES;
				CLANG_WARN_OBJC_ROOT_CLASS = YES_ERROR;
				CLANG_WARN_SUSPICIOUS_MOVE = YES;
				CLANG_WARN_UNREACHABLE_CODE = YES;
				CLANG_WARN__DUPLICATE_METHOD_MATCH = YES;
				"CODE_SIGN_IDENTITY[sdk=iphoneos*]" = "iPhone Developer";
				COPY_PHASE_STRIP = NO;
				DEBUG_INFORMATION_FORMAT = dwarf;
				ENABLE_STRICT_OBJC_MSGSEND = YES;
				ENABLE_TESTABILITY = YES;
				GCC_C_LANGUAGE_STANDARD = gnu99;
				GCC_DYNAMIC_NO_PIC = NO;
				GCC_NO_COMMON_BLOCKS = YES;
				GCC_OPTIMIZATION_LEVEL = 0;
				GCC_PREPROCESSOR_DEFINITIONS = (
					"DEBUG=1",
					"$(inherited)",
				);
				GCC_WARN_64_TO_32_BIT_CONVERSION = YES;
				GCC_WARN_ABOUT_RETURN_TYPE = YES_ERROR;
				GCC_WARN_UNDECLARED_SELECTOR = YES;
				GCC_WARN_UNINITIALIZED_AUTOS = YES_AGGRESSIVE;
				GCC_WARN_UNUSED_FUNCTION = YES;
				GCC_WARN_UNUSED_VARIABLE = YES;
				IPHONEOS_DEPLOYMENT_TARGET = 10.3;
				MTL_ENABLE_DEBUG_INFO = YES;
				ONLY_ACTIVE_ARCH = YES;
				SDKROOT = iphoneos;
				SWIFT_ACTIVE_COMPILATION_CONDITIONS = DEBUG;
				SWIFT_OPTIMIZATION_LEVEL = "-Onone";
			};
			name = Debug;
		};
		30D2456B1EC26E22001EE865 /* Release */ = {
			isa = XCBuildConfiguration;
			buildSettings = {
				ALWAYS_SEARCH_USER_PATHS = NO;
				CLANG_ANALYZER_NONNULL = YES;
				CLANG_ANALYZER_NUMBER_OBJECT_CONVERSION = YES_AGGRESSIVE;
				CLANG_CXX_LANGUAGE_STANDARD = "gnu++0x";
				CLANG_CXX_LIBRARY = "libc++";
				CLANG_ENABLE_MODULES = YES;
				CLANG_ENABLE_OBJC_ARC = YES;
				CLANG_WARN_BOOL_CONVERSION = YES;
				CLANG_WARN_CONSTANT_CONVERSION = YES;
				CLANG_WARN_DIRECT_OBJC_ISA_USAGE = YES_ERROR;
				CLANG_WARN_DOCUMENTATION_COMMENTS = YES;
				CLANG_WARN_EMPTY_BODY = YES;
				CLANG_WARN_ENUM_CONVERSION = YES;
				CLANG_WARN_INFINITE_RECURSION = YES;
				CLANG_WARN_INT_CONVERSION = YES;
				CLANG_WARN_OBJC_ROOT_CLASS = YES_ERROR;
				CLANG_WARN_SUSPICIOUS_MOVE = YES;
				CLANG_WARN_UNREACHABLE_CODE = YES;
				CLANG_WARN__DUPLICATE_METHOD_MATCH = YES;
				"CODE_SIGN_IDENTITY[sdk=iphoneos*]" = "iPhone Developer";
				COPY_PHASE_STRIP = NO;
				DEBUG_INFORMATION_FORMAT = "dwarf-with-dsym";
				ENABLE_NS_ASSERTIONS = NO;
				ENABLE_STRICT_OBJC_MSGSEND = YES;
				GCC_C_LANGUAGE_STANDARD = gnu99;
				GCC_NO_COMMON_BLOCKS = YES;
				GCC_WARN_64_TO_32_BIT_CONVERSION = YES;
				GCC_WARN_ABOUT_RETURN_TYPE = YES_ERROR;
				GCC_WARN_UNDECLARED_SELECTOR = YES;
				GCC_WARN_UNINITIALIZED_AUTOS = YES_AGGRESSIVE;
				GCC_WARN_UNUSED_FUNCTION = YES;
				GCC_WARN_UNUSED_VARIABLE = YES;
				IPHONEOS_DEPLOYMENT_TARGET = 10.3;
				MTL_ENABLE_DEBUG_INFO = NO;
				SDKROOT = iphoneos;
				SWIFT_OPTIMIZATION_LEVEL = "-Owholemodule";
				VALIDATE_PRODUCT = YES;
			};
			name = Release;
		};
		30D2456D1EC26E22001EE865 /* Debug */ = {
			isa = XCBuildConfiguration;
			buildSettings = {
				ASSETCATALOG_COMPILER_APPICON_NAME = AppIcon;
				INFOPLIST_FILE = SelfIntroduction/Info.plist;
				LD_RUNPATH_SEARCH_PATHS = "$(inherited) @executable_path/Frameworks";
				PRODUCT_BUNDLE_IDENTIFIER = com.Tennant.Shaw.SelfIntroduction;
				PRODUCT_NAME = "$(TARGET_NAME)";
				SWIFT_VERSION = 3.0;
			};
			name = Debug;
		};
		30D2456E1EC26E22001EE865 /* Release */ = {
			isa = XCBuildConfiguration;
			buildSettings = {
				ASSETCATALOG_COMPILER_APPICON_NAME = AppIcon;
				INFOPLIST_FILE = SelfIntroduction/Info.plist;
				LD_RUNPATH_SEARCH_PATHS = "$(inherited) @executable_path/Frameworks";
				PRODUCT_BUNDLE_IDENTIFIER = com.Tennant.Shaw.SelfIntroduction;
				PRODUCT_NAME = "$(TARGET_NAME)";
				SWIFT_VERSION = 3.0;
			};
			name = Release;
		};
		30D245701EC26E22001EE865 /* Debug */ = {
			isa = XCBuildConfiguration;
			buildSettings = {
				ALWAYS_EMBED_SWIFT_STANDARD_LIBRARIES = YES;
				BUNDLE_LOADER = "$(TEST_HOST)";
				INFOPLIST_FILE = SelfIntroductionTests/Info.plist;
				LD_RUNPATH_SEARCH_PATHS = "$(inherited) @executable_path/Frameworks @loader_path/Frameworks";
				PRODUCT_BUNDLE_IDENTIFIER = com.Tennant.Shaw.SelfIntroductionTests;
				PRODUCT_NAME = "$(TARGET_NAME)";
				SWIFT_VERSION = 3.0;
				TEST_HOST = "$(BUILT_PRODUCTS_DIR)/SelfIntroduction.app/SelfIntroduction";
			};
			name = Debug;
		};
		30D245711EC26E22001EE865 /* Release */ = {
			isa = XCBuildConfiguration;
			buildSettings = {
				ALWAYS_EMBED_SWIFT_STANDARD_LIBRARIES = YES;
				BUNDLE_LOADER = "$(TEST_HOST)";
				INFOPLIST_FILE = SelfIntroductionTests/Info.plist;
				LD_RUNPATH_SEARCH_PATHS = "$(inherited) @executable_path/Frameworks @loader_path/Frameworks";
				PRODUCT_BUNDLE_IDENTIFIER = com.Tennant.Shaw.SelfIntroductionTests;
				PRODUCT_NAME = "$(TARGET_NAME)";
				SWIFT_VERSION = 3.0;
				TEST_HOST = "$(BUILT_PRODUCTS_DIR)/SelfIntroduction.app/SelfIntroduction";
			};
			name = Release;
		};
		30D245731EC26E22001EE865 /* Debug */ = {
			isa = XCBuildConfiguration;
			buildSettings = {
				ALWAYS_EMBED_SWIFT_STANDARD_LIBRARIES = YES;
				INFOPLIST_FILE = SelfIntroductionUITests/Info.plist;
				LD_RUNPATH_SEARCH_PATHS = "$(inherited) @executable_path/Frameworks @loader_path/Frameworks";
				PRODUCT_BUNDLE_IDENTIFIER = com.Tennant.Shaw.SelfIntroductionUITests;
				PRODUCT_NAME = "$(TARGET_NAME)";
				SWIFT_VERSION = 3.0;
				TEST_TARGET_NAME = SelfIntroduction;
			};
			name = Debug;
		};
		30D245741EC26E22001EE865 /* Release */ = {
			isa = XCBuildConfiguration;
			buildSettings = {
				ALWAYS_EMBED_SWIFT_STANDARD_LIBRARIES = YES;
				INFOPLIST_FILE = SelfIntroductionUITests/Info.plist;
				LD_RUNPATH_SEARCH_PATHS = "$(inherited) @executable_path/Frameworks @loader_path/Frameworks";
				PRODUCT_BUNDLE_IDENTIFIER = com.Tennant.Shaw.SelfIntroductionUITests;
				PRODUCT_NAME = "$(TARGET_NAME)";
				SWIFT_VERSION = 3.0;
				TEST_TARGET_NAME = SelfIntroduction;
			};
			name = Release;
		};
/* End XCBuildConfiguration section */

/* Begin XCConfigurationList section */
		30D2453F1EC26E21001EE865 /* Build configuration list for PBXProject "SelfIntroduction" */ = {
			isa = XCConfigurationList;
			buildConfigurations = (
				30D2456A1EC26E22001EE865 /* Debug */,
				30D2456B1EC26E22001EE865 /* Release */,
			);
			defaultConfigurationIsVisible = 0;
			defaultConfigurationName = Release;
		};
		30D2456C1EC26E22001EE865 /* Build configuration list for PBXNativeTarget "SelfIntroduction" */ = {
			isa = XCConfigurationList;
			buildConfigurations = (
				30D2456D1EC26E22001EE865 /* Debug */,
				30D2456E1EC26E22001EE865 /* Release */,
			);
			defaultConfigurationIsVisible = 0;
			defaultConfigurationName = Release;
		};
		30D2456F1EC26E22001EE865 /* Build configuration list for PBXNativeTarget "SelfIntroductionTests" */ = {
			isa = XCConfigurationList;
			buildConfigurations = (
				30D245701EC26E22001EE865 /* Debug */,
				30D245711EC26E22001EE865 /* Release */,
			);
			defaultConfigurationIsVisible = 0;
			defaultConfigurationName = Release;
		};
		30D245721EC26E22001EE865 /* Build configuration list for PBXNativeTarget "SelfIntroductionUITests" */ = {
			isa = XCConfigurationList;
			buildConfigurations = (
				30D245731EC26E22001EE865 /* Debug */,
				30D245741EC26E22001EE865 /* Release */,
			);
			defaultConfigurationIsVisible = 0;
			defaultConfigurationName = Release;
		};
/* End XCConfigurationList section */
	};
	rootObject = 30D2453C1EC26E21001EE865 /* Project object */;
}
